
Microsoft Visual Studio Solution File, Format Version 12.00
# Visual Studio Version 17
VisualStudioVersion = 17.1.32210.238
MinimumVisualStudioVersion = 10.0.40219.1
Project("{FAE04EC0-301F-11D3-BF4B-00C04F79EFBC}") = "TournamentTracker.Data", "TournamentTracker.Data\TournamentTracker.Data.csproj", "{4D434CDD-103F-4BA9-88E3-507393429A22}"
EndProject
Project("{FAE04EC0-301F-11D3-BF4B-00C04F79EFBC}") = "TournamentTracker.Server", "TournamentTracker.Server\TournamentTracker.Server.csproj", "{36A29F67-5FA9-47A1-9C2D-92F94BC1FAF0}"
EndProject
Global
	GlobalSection(SolutionConfigurationPlatforms) = preSolution
		Debug|Any CPU = Debug|Any CPU
		Release|Any CPU = Release|Any CPU
	EndGlobalSection
	GlobalSection(ProjectConfigurationPlatforms) = postSolution
		{4D434CDD-103F-4BA9-88E3-507393429A22}.Debug|Any CPU.ActiveCfg = Debug|Any CPU
		{4D434CDD-103F-4BA9-88E3-507393429A22}.Debug|Any CPU.Build.0 = Debug|Any CPU
		{4D434CDD-103F-4BA9-88E3-507393429A22}.Release|Any CPU.ActiveCfg = Release|Any CPU
		{4D434CDD-103F-4BA9-88E3-507393429A22}.Release|Any CPU.Build.0 = Release|Any CPU
		{36A29F67-5FA9-47A1-9C2D-92F94BC1FAF0}.Debug|Any CPU.ActiveCfg = Debug|Any CPU
		{36A29F67-5FA9-47A1-9C2D-92F94BC1FAF0}.Debug|Any CPU.Build.0 = Debug|Any CPU
		{36A29F67-5FA9-47A1-9C2D-92F94BC1FAF0}.Release|Any CPU.ActiveCfg = Release|Any CPU
		{36A29F67-5FA9-47A1-9C2D-92F94BC1FAF0}.Release|Any CPU.Build.0 = Release|Any CPU
	EndGlobalSection
	GlobalSection(SolutionProperties) = preSolution
		HideSolutionNode = FALSE
	EndGlobalSection
	GlobalSection(ExtensibilityGlobals) = postSolution
		SolutionGuid = {774CF8C3-6C50-415C-B865-5754783E9810}
	EndGlobalSection
EndGlobal
